
Microsoft Visual Studio Solution File, Format Version 12.00
# Visual Studio Version 17
VisualStudioVersion = 17.14.36518.9 d17.14
MinimumVisualStudioVersion = 10.0.40219.1
Project("{FAE04EC0-301F-11D3-BF4B-00C04F79EFBC}") = "Botiga", "Exercici1\Botiga.csproj", "{3E1244B8-739E-446B-B599-791801BDAE88}"
EndProject
Global
	GlobalSection(SolutionConfigurationPlatforms) = preSolution
		Debug|Any CPU = Debug|Any CPU
		Release|Any CPU = Release|Any CPU
	EndGlobalSection
	GlobalSection(ProjectConfigurationPlatforms) = postSolution
		{3E1244B8-739E-446B-B599-791801BDAE88}.Debug|Any CPU.ActiveCfg = Debug|Any CPU
		{3E1244B8-739E-446B-B599-791801BDAE88}.Debug|Any CPU.Build.0 = Debug|Any CPU
		{3E1244B8-739E-446B-B599-791801BDAE88}.Release|Any CPU.ActiveCfg = Release|Any CPU
		{3E1244B8-739E-446B-B599-791801BDAE88}.Release|Any CPU.Build.0 = Release|Any CPU
	EndGlobalSection
	GlobalSection(SolutionProperties) = preSolution
		HideSolutionNode = FALSE
	EndGlobalSection
	GlobalSection(ExtensibilityGlobals) = postSolution
		SolutionGuid = {A8EE7C77-4375-48F0-BAD1-715B777B7EC0}
	EndGlobalSection
EndGlobal
